{
  "version": 4,
  "terraform_version": "1.6.0",
  "serial": 42,
  "lineage": "a1b2c3d4-e5f6-7890-abcd-ef1234567890",
  "outputs": {
    "user_instance_ips": {
      "value": {
        "user-001": "3.35.12.101",
        "user-002": "3.35.12.102",
        "user-003": "52.78.45.200",
        "user-004": "13.125.88.55"
      },
      "type": ["map", "string"]
    }
  },
  "resources": [
    {
      "module": "module.user_instances[\"user-001\"]",
      "mode": "managed",
      "type": "aws_instance",
      "name": "openclaw",
      "provider": "provider[\"registry.terraform.io/hashicorp/aws\"]",
      "instances": [
        {
          "schema_version": 1,
          "attributes": {
            "id": "i-0a1b2c3d4e5f00001",
            "ami": "ami-0abcdef1234567890",
            "instance_type": "t3.small",
            "private_ip": "10.0.1.11",
            "public_ip": "3.35.12.101",
            "instance_state": "running",
            "tags": {
              "Name": "openclaw-user-001",
              "Project": "openclaw-platform",
              "User": "user-001",
              "SlackUserId": "U00001000"
            },
            "subnet_id": "subnet-0abc123def456",
            "vpc_security_group_ids": ["sg-0abc123def456"],
            "key_name": "openclaw-key",
            "availability_zone": "ap-northeast-2a"
          }
        }
      ]
    },
    {
      "module": "module.user_instances[\"user-002\"]",
      "mode": "managed",
      "type": "aws_instance",
      "name": "openclaw",
      "provider": "provider[\"registry.terraform.io/hashicorp/aws\"]",
      "instances": [
        {
          "schema_version": 1,
          "attributes": {
            "id": "i-0a1b2c3d4e5f00002",
            "ami": "ami-0abcdef1234567890",
            "instance_type": "t3.medium",
            "private_ip": "10.0.1.12",
            "public_ip": "3.35.12.102",
            "instance_state": "running",
            "tags": {
              "Name": "openclaw-user-002",
              "Project": "openclaw-platform",
              "User": "user-002",
              "SlackUserId": "U00001001"
            },
            "subnet_id": "subnet-0abc123def456",
            "vpc_security_group_ids": ["sg-0abc123def456"],
            "key_name": "openclaw-key",
            "availability_zone": "ap-northeast-2a"
          }
        }
      ]
    },
    {
      "module": "module.user_instances[\"user-003\"]",
      "mode": "managed",
      "type": "aws_instance",
      "name": "openclaw",
      "provider": "provider[\"registry.terraform.io/hashicorp/aws\"]",
      "instances": [
        {
          "schema_version": 1,
          "attributes": {
            "id": "i-0a1b2c3d4e5f00003",
            "ami": "ami-0abcdef1234567890",
            "instance_type": "t3.small",
            "private_ip": "10.0.1.13",
            "public_ip": "52.78.45.200",
            "instance_state": "stopped",
            "tags": {
              "Name": "openclaw-user-003",
              "Project": "openclaw-platform",
              "User": "user-003",
              "SlackUserId": "U00001002"
            },
            "subnet_id": "subnet-0abc123def456",
            "vpc_security_group_ids": ["sg-0abc123def456"],
            "key_name": "openclaw-key",
            "availability_zone": "ap-northeast-2a"
          }
        }
      ]
    },
    {
      "module": "module.user_instances[\"user-004\"]",
      "mode": "managed",
      "type": "aws_instance",
      "name": "openclaw",
      "provider": "provider[\"registry.terraform.io/hashicorp/aws\"]",
      "instances": [
        {
          "schema_version": 1,
          "attributes": {
            "id": "i-0a1b2c3d4e5f00004",
            "ami": "ami-0abcdef1234567890",
            "instance_type": "t3.large",
            "private_ip": "10.0.1.14",
            "public_ip": "13.125.88.55",
            "instance_state": "running",
            "tags": {
              "Name": "openclaw-user-004",
              "Project": "openclaw-platform",
              "User": "user-004",
              "SlackUserId": "U00001003"
            },
            "subnet_id": "subnet-0abc123def456",
            "vpc_security_group_ids": ["sg-0abc123def456"],
            "key_name": "openclaw-key",
            "availability_zone": "ap-northeast-2a"
          }
        }
      ]
    },
    {
      "mode": "managed",
      "type": "aws_vpc",
      "name": "openclaw",
      "provider": "provider[\"registry.terraform.io/hashicorp/aws\"]",
      "instances": [
        {
          "schema_version": 1,
          "attributes": {
            "id": "vpc-0abc123def456",
            "cidr_block": "10.0.0.0/16",
            "enable_dns_support": true,
            "enable_dns_hostnames": true,
            "tags": {
              "Name": "openclaw-vpc",
              "Project": "openclaw-platform"
            }
          }
        }
      ]
    },
    {
      "mode": "managed",
      "type": "aws_subnet",
      "name": "openclaw",
      "provider": "provider[\"registry.terraform.io/hashicorp/aws\"]",
      "instances": [
        {
          "schema_version": 1,
          "attributes": {
            "id": "subnet-0abc123def456",
            "vpc_id": "vpc-0abc123def456",
            "cidr_block": "10.0.1.0/24",
            "availability_zone": "ap-northeast-2a",
            "tags": { "Name": "openclaw-subnet" }
          }
        }
      ]
    },
    {
      "mode": "managed",
      "type": "aws_security_group",
      "name": "openclaw_instance",
      "provider": "provider[\"registry.terraform.io/hashicorp/aws\"]",
      "instances": [
        {
          "schema_version": 1,
          "attributes": {
            "id": "sg-0abc123def456",
            "name_prefix": "openclaw-instance-",
            "vpc_id": "vpc-0abc123def456",
            "tags": { "Name": "openclaw-instance-sg" }
          }
        }
      ]
    }
  ],
  "check_results": null
}
